
Microsoft Visual Studio Solution File, Format Version 12.00
# Visual Studio Version 17
VisualStudioVersion = 17.11.35327.3
MinimumVisualStudioVersion = 10.0.40219.1
Project("{FAE04EC0-301F-11D3-BF4B-00C04F79EFBC}") = "Assignment 2.1.1", "Assignment 2.1.1.csproj", "{FD789FD5-8270-400D-8536-0AC5C3D56729}"
EndProject
Global
	GlobalSection(SolutionConfigurationPlatforms) = preSolution
		Debug|Any CPU = Debug|Any CPU
		Release|Any CPU = Release|Any CPU
	EndGlobalSection
	GlobalSection(ProjectConfigurationPlatforms) = postSolution
		{FD789FD5-8270-400D-8536-0AC5C3D56729}.Debug|Any CPU.ActiveCfg = Debug|Any CPU
		{FD789FD5-8270-400D-8536-0AC5C3D56729}.Debug|Any CPU.Build.0 = Debug|Any CPU
		{FD789FD5-8270-400D-8536-0AC5C3D56729}.Release|Any CPU.ActiveCfg = Release|Any CPU
		{FD789FD5-8270-400D-8536-0AC5C3D56729}.Release|Any CPU.Build.0 = Release|Any CPU
	EndGlobalSection
	GlobalSection(SolutionProperties) = preSolution
		HideSolutionNode = FALSE
	EndGlobalSection
	GlobalSection(ExtensibilityGlobals) = postSolution
		SolutionGuid = {D9C5BA17-CB6C-4638-8D08-6577C7D9E7EB}
	EndGlobalSection
EndGlobal
